
Microsoft Visual Studio Solution File, Format Version 12.00
# Visual Studio Version 17
VisualStudioVersion = 17.4.33205.214
MinimumVisualStudioVersion = 10.0.40219.1
Project("{FAE04EC0-301F-11D3-BF4B-00C04F79EFBC}") = "HR_App", "HR_App\HR_App.csproj", "{8CE88C48-B0D2-4397-BEB8-5A6EE25249B2}"
EndProject
Global
	GlobalSection(SolutionConfigurationPlatforms) = preSolution
		Debug|Any CPU = Debug|Any CPU
		Release|Any CPU = Release|Any CPU
	EndGlobalSection
	GlobalSection(ProjectConfigurationPlatforms) = postSolution
		{8CE88C48-B0D2-4397-BEB8-5A6EE25249B2}.Debug|Any CPU.ActiveCfg = Debug|Any CPU
		{8CE88C48-B0D2-4397-BEB8-5A6EE25249B2}.Debug|Any CPU.Build.0 = Debug|Any CPU
		{8CE88C48-B0D2-4397-BEB8-5A6EE25249B2}.Release|Any CPU.ActiveCfg = Release|Any CPU
		{8CE88C48-B0D2-4397-BEB8-5A6EE25249B2}.Release|Any CPU.Build.0 = Release|Any CPU
	EndGlobalSection
	GlobalSection(SolutionProperties) = preSolution
		HideSolutionNode = FALSE
	EndGlobalSection
	GlobalSection(ExtensibilityGlobals) = postSolution
		SolutionGuid = {3EC28F1E-C760-4EC8-8A84-EAD4DD8A51B3}
	EndGlobalSection
EndGlobal
